
Microsoft Visual Studio Solution File, Format Version 12.00
# Visual Studio Version 17
VisualStudioVersion = 17.14.36408.4 d17.14
MinimumVisualStudioVersion = 10.0.40219.1
Project("{FAE04EC0-301F-11D3-BF4B-00C04F79EFBC}") = "QuanLyQuanThang8Cafe", "QuanLyQuanThang8Cafe\QuanLyQuanThang8Cafe.csproj", "{F1176722-CF6E-4D3A-9F37-509B56B137BF}"
EndProject
Global
	GlobalSection(SolutionConfigurationPlatforms) = preSolution
		Debug|Any CPU = Debug|Any CPU
		Release|Any CPU = Release|Any CPU
	EndGlobalSection
	GlobalSection(ProjectConfigurationPlatforms) = postSolution
		{F1176722-CF6E-4D3A-9F37-509B56B137BF}.Debug|Any CPU.ActiveCfg = Debug|Any CPU
		{F1176722-CF6E-4D3A-9F37-509B56B137BF}.Debug|Any CPU.Build.0 = Debug|Any CPU
		{F1176722-CF6E-4D3A-9F37-509B56B137BF}.Release|Any CPU.ActiveCfg = Release|Any CPU
		{F1176722-CF6E-4D3A-9F37-509B56B137BF}.Release|Any CPU.Build.0 = Release|Any CPU
	EndGlobalSection
	GlobalSection(SolutionProperties) = preSolution
		HideSolutionNode = FALSE
	EndGlobalSection
	GlobalSection(ExtensibilityGlobals) = postSolution
		SolutionGuid = {0EEEF360-6FD4-42AB-B372-C80B922DA22D}
	EndGlobalSection
EndGlobal
